
Microsoft Visual Studio Solution File, Format Version 12.00
# Visual Studio Version 16
VisualStudioVersion = 16.0.33801.447
MinimumVisualStudioVersion = 10.0.40219.1
Project("{C9674DCB-5085-4A16-B785-4C70DD1589BD}") = "Import csv", "Import csv.dtproj", "{79D7662E-225B-4DB6-BBAE-5FB033E30D8A}"
EndProject
Global
	GlobalSection(SolutionConfigurationPlatforms) = preSolution
		Development|Default = Development|Default
	EndGlobalSection
	GlobalSection(ProjectConfigurationPlatforms) = postSolution
		{79D7662E-225B-4DB6-BBAE-5FB033E30D8A}.Development|Default.ActiveCfg = Development
		{79D7662E-225B-4DB6-BBAE-5FB033E30D8A}.Development|Default.Build.0 = Development
	EndGlobalSection
	GlobalSection(SolutionProperties) = preSolution
		HideSolutionNode = FALSE
	EndGlobalSection
	GlobalSection(ExtensibilityGlobals) = postSolution
		SolutionGuid = {65892D33-9454-49FB-8545-4BF0033BE07E}
	EndGlobalSection
EndGlobal
